
Microsoft Visual Studio Solution File, Format Version 12.00
# Visual Studio Version 16
VisualStudioVersion = 16.0.30611.23
MinimumVisualStudioVersion = 10.0.40219.1
Project("{FAE04EC0-301F-11D3-BF4B-00C04F79EFBC}") = "MedicationList", "MedicationList\MedicationList.csproj", "{ED841156-BE30-40DF-BD3F-98C6F1AB5164}"
EndProject
Global
	GlobalSection(SolutionConfigurationPlatforms) = preSolution
		Debug|Any CPU = Debug|Any CPU
		Release|Any CPU = Release|Any CPU
	EndGlobalSection
	GlobalSection(ProjectConfigurationPlatforms) = postSolution
		{ED841156-BE30-40DF-BD3F-98C6F1AB5164}.Debug|Any CPU.ActiveCfg = Debug|Any CPU
		{ED841156-BE30-40DF-BD3F-98C6F1AB5164}.Debug|Any CPU.Build.0 = Debug|Any CPU
		{ED841156-BE30-40DF-BD3F-98C6F1AB5164}.Release|Any CPU.ActiveCfg = Release|Any CPU
		{ED841156-BE30-40DF-BD3F-98C6F1AB5164}.Release|Any CPU.Build.0 = Release|Any CPU
	EndGlobalSection
	GlobalSection(SolutionProperties) = preSolution
		HideSolutionNode = FALSE
	EndGlobalSection
	GlobalSection(ExtensibilityGlobals) = postSolution
		SolutionGuid = {AC20D499-F739-44EB-A46B-B110A379CB43}
	EndGlobalSection
EndGlobal
